// !$*UTF8*$!
{
	archiveVersion = 1;
	classes = {
	};
	objectVersion = 55;
	objects = {

/* Begin PBXBuildFile section */
		9656B13D28B7114800482B71 /* CoreDataProjectApp.swift in Sources */ = {isa = PBXBuildFile; fileRef = 9656B13C28B7114800482B71 /* CoreDataProjectApp.swift */; };
		9656B13F28B7114800482B71 /* ContentView.swift in Sources */ = {isa = PBXBuildFile; fileRef = 9656B13E28B7114800482B71 /* ContentView.swift */; };
		9656B14128B7114900482B71 /* Assets.xcassets in Resources */ = {isa = PBXBuildFile; fileRef = 9656B14028B7114900482B71 /* Assets.xcassets */; };
		9656B14428B7114900482B71 /* Preview Assets.xcassets in Resources */ = {isa = PBXBuildFile; fileRef = 9656B14328B7114900482B71 /* Preview Assets.xcassets */; };
		9656B14C28B7116900482B71 /* CoreDataProject.xcdatamodeld in Sources */ = {isa = PBXBuildFile; fileRef = 9656B14A28B7116900482B71 /* CoreDataProject.xcdatamodeld */; };
		9656B14E28B7118100482B71 /* DataController.swift in Sources */ = {isa = PBXBuildFile; fileRef = 9656B14D28B7118100482B71 /* DataController.swift */; };
		9656B15128B71C2300482B71 /* Movie+CoreDataClass.swift in Sources */ = {isa = PBXBuildFile; fileRef = 9656B14F28B71C2300482B71 /* Movie+CoreDataClass.swift */; };
		9656B15228B71C2300482B71 /* Movie+CoreDataProperties.swift in Sources */ = {isa = PBXBuildFile; fileRef = 9656B15028B71C2300482B71 /* Movie+CoreDataProperties.swift */; };
		96798A0428B9C38100303B6C /* FilteredList.swift in Sources */ = {isa = PBXBuildFile; fileRef = 96798A0328B9C38100303B6C /* FilteredList.swift */; };
		96798A0728B9C4DD00303B6C /* Singer+CoreDataClass.swift in Sources */ = {isa = PBXBuildFile; fileRef = 96798A0528B9C4DD00303B6C /* Singer+CoreDataClass.swift */; };
		96798A0828B9C4DD00303B6C /* Singer+CoreDataProperties.swift in Sources */ = {isa = PBXBuildFile; fileRef = 96798A0628B9C4DD00303B6C /* Singer+CoreDataProperties.swift */; };
		96798A0D28B9E6CA00303B6C /* Candy+CoreDataClass.swift in Sources */ = {isa = PBXBuildFile; fileRef = 96798A0928B9E6CA00303B6C /* Candy+CoreDataClass.swift */; };
		96798A0E28B9E6CA00303B6C /* Candy+CoreDataProperties.swift in Sources */ = {isa = PBXBuildFile; fileRef = 96798A0A28B9E6CA00303B6C /* Candy+CoreDataProperties.swift */; };
		96798A0F28B9E6CA00303B6C /* Country+CoreDataClass.swift in Sources */ = {isa = PBXBuildFile; fileRef = 96798A0B28B9E6CA00303B6C /* Country+CoreDataClass.swift */; };
		96798A1028B9E6CA00303B6C /* Country+CoreDataProperties.swift in Sources */ = {isa = PBXBuildFile; fileRef = 96798A0C28B9E6CA00303B6C /* Country+CoreDataProperties.swift */; };
/* End PBXBuildFile section */

/* Begin PBXFileReference section */
		9656B13928B7114800482B71 /* CoreDataProject.app */ = {isa = PBXFileReference; explicitFileType = wrapper.application; includeInIndex = 0; path = CoreDataProject.app; sourceTree = BUILT_PRODUCTS_DIR; };
		9656B13C28B7114800482B71 /* CoreDataProjectApp.swift */ = {isa = PBXFileReference; lastKnownFileType = sourcecode.swift; path = CoreDataProjectApp.swift; sourceTree = "<group>"; };
		9656B13E28B7114800482B71 /* ContentView.swift */ = {isa = PBXFileReference; lastKnownFileType = sourcecode.swift; path = ContentView.swift; sourceTree = "<group>"; };
		9656B14028B7114900482B71 /* Assets.xcassets */ = {isa = PBXFileReference; lastKnownFileType = folder.assetcatalog; path = Assets.xcassets; sourceTree = "<group>"; };
		9656B14328B7114900482B71 /* Preview Assets.xcassets */ = {isa = PBXFileReference; lastKnownFileType = folder.assetcatalog; path = "Preview Assets.xcassets"; sourceTree = "<group>"; };
		9656B14B28B7116900482B71 /* CoreDataProject.xcdatamodel */ = {isa = PBXFileReference; lastKnownFileType = wrapper.xcdatamodel; path = CoreDataProject.xcdatamodel; sourceTree = "<group>"; };
		9656B14D28B7118100482B71 /* DataController.swift */ = {isa = PBXFileReference; lastKnownFileType = sourcecode.swift; path = DataController.swift; sourceTree = "<group>"; };
		9656B14F28B71C2300482B71 /* Movie+CoreDataClass.swift */ = {isa = PBXFileReference; lastKnownFileType = sourcecode.swift; path = "Movie+CoreDataClass.swift"; sourceTree = "<group>"; };
		9656B15028B71C2300482B71 /* Movie+CoreDataProperties.swift */ = {isa = PBXFileReference; lastKnownFileType = sourcecode.swift; path = "Movie+CoreDataProperties.swift"; sourceTree = "<group>"; };
		96798A0328B9C38100303B6C /* FilteredList.swift */ = {isa = PBXFileReference; lastKnownFileType = sourcecode.swift; path = FilteredList.swift; sourceTree = "<group>"; };
		96798A0528B9C4DD00303B6C /* Singer+CoreDataClass.swift */ = {isa = PBXFileReference; lastKnownFileType = sourcecode.swift; path = "Singer+CoreDataClass.swift"; sourceTree = "<group>"; };
		96798A0628B9C4DD00303B6C /* Singer+CoreDataProperties.swift */ = {isa = PBXFileReference; lastKnownFileType = sourcecode.swift; path = "Singer+CoreDataProperties.swift"; sourceTree = "<group>"; };
		96798A0928B9E6CA00303B6C /* Candy+CoreDataClass.swift */ = {isa = PBXFileReference; lastKnownFileType = sourcecode.swift; path = "Candy+CoreDataClass.swift"; sourceTree = "<group>"; };
		96798A0A28B9E6CA00303B6C /* Candy+CoreDataProperties.swift */ = {isa = PBXFileReference; lastKnownFileType = sourcecode.swift; path = "Candy+CoreDataProperties.swift"; sourceTree = "<group>"; };
		96798A0B28B9E6CA00303B6C /* Country+CoreDataClass.swift */ = {isa = PBXFileReference; lastKnownFileType = sourcecode.swift; path = "Country+CoreDataClass.swift"; sourceTree = "<group>"; };
		96798A0C28B9E6CA00303B6C /* Country+CoreDataProperties.swift */ = {isa = PBXFileReference; lastKnownFileType = sourcecode.swift; path = "Country+CoreDataProperties.swift"; sourceTree = "<group>"; };
/* End PBXFileReference section */

/* Begin PBXFrameworksBuildPhase section */
		9656B13628B7114800482B71 /* Frameworks */ = {
			isa = PBXFrameworksBuildPhase;
			buildActionMask = 2147483647;
			files = (
			);
			runOnlyForDeploymentPostprocessing = 0;
		};
/* End PBXFrameworksBuildPhase section */

/* Begin PBXGroup section */
		9656B13028B7114800482B71 = {
			isa = PBXGroup;
			children = (
				9656B13B28B7114800482B71 /* CoreDataProject */,
				9656B13A28B7114800482B71 /* Products */,
			);
			sourceTree = "<group>";
		};
		9656B13A28B7114800482B71 /* Products */ = {
			isa = PBXGroup;
			children = (
				9656B13928B7114800482B71 /* CoreDataProject.app */,
			);
			name = Products;
			sourceTree = "<group>";
		};
		9656B13B28B7114800482B71 /* CoreDataProject */ = {
			isa = PBXGroup;
			children = (
				9656B13C28B7114800482B71 /* CoreDataProjectApp.swift */,
				96798A1228B9E6E800303B6C /* Supporting Files */,
				96798A1128B9E6DA00303B6C /* Views */,
				9656B14028B7114900482B71 /* Assets.xcassets */,
				9656B14228B7114900482B71 /* Preview Content */,
			);
			path = CoreDataProject;
			sourceTree = "<group>";
		};
		9656B14228B7114900482B71 /* Preview Content */ = {
			isa = PBXGroup;
			children = (
				9656B14328B7114900482B71 /* Preview Assets.xcassets */,
			);
			path = "Preview Content";
			sourceTree = "<group>";
		};
		96798A1128B9E6DA00303B6C /* Views */ = {
			isa = PBXGroup;
			children = (
				96798A0328B9C38100303B6C /* FilteredList.swift */,
				9656B13E28B7114800482B71 /* ContentView.swift */,
			);
			path = Views;
			sourceTree = "<group>";
		};
		96798A1228B9E6E800303B6C /* Supporting Files */ = {
			isa = PBXGroup;
			children = (
				96798A1328B9E70800303B6C /* Models */,
				9656B14D28B7118100482B71 /* DataController.swift */,
				9656B14A28B7116900482B71 /* CoreDataProject.xcdatamodeld */,
			);
			path = "Supporting Files";
			sourceTree = "<group>";
		};
		96798A1328B9E70800303B6C /* Models */ = {
			isa = PBXGroup;
			children = (
				96798A0928B9E6CA00303B6C /* Candy+CoreDataClass.swift */,
				96798A0A28B9E6CA00303B6C /* Candy+CoreDataProperties.swift */,
				96798A0B28B9E6CA00303B6C /* Country+CoreDataClass.swift */,
				96798A0C28B9E6CA00303B6C /* Country+CoreDataProperties.swift */,
				96798A0528B9C4DD00303B6C /* Singer+CoreDataClass.swift */,
				96798A0628B9C4DD00303B6C /* Singer+CoreDataProperties.swift */,
				9656B14F28B71C2300482B71 /* Movie+CoreDataClass.swift */,
				9656B15028B71C2300482B71 /* Movie+CoreDataProperties.swift */,
			);
			path = Models;
			sourceTree = "<group>";
		};
/* End PBXGroup section */

/* Begin PBXNativeTarget section */
		9656B13828B7114800482B71 /* CoreDataProject */ = {
			isa = PBXNativeTarget;
			buildConfigurationList = 9656B14728B7114900482B71 /* Build configuration list for PBXNativeTarget "CoreDataProject" */;
			buildPhases = (
				9656B13528B7114800482B71 /* Sources */,
				9656B13628B7114800482B71 /* Frameworks */,
				9656B13728B7114800482B71 /* Resources */,
			);
			buildRules = (
			);
			dependencies = (
			);
			name = CoreDataProject;
			productName = CoreDataProject;
			productReference = 9656B13928B7114800482B71 /* CoreDataProject.app */;
			productType = "com.apple.product-type.application";
		};
/* End PBXNativeTarget section */

/* Begin PBXProject section */
		9656B13128B7114800482B71 /* Project object */ = {
			isa = PBXProject;
			attributes = {
				BuildIndependentTargetsInParallel = 1;
				LastSwiftUpdateCheck = 1340;
				LastUpgradeCheck = 1340;
				TargetAttributes = {
					9656B13828B7114800482B71 = {
						CreatedOnToolsVersion = 13.4.1;
					};
				};
			};
			buildConfigurationList = 9656B13428B7114800482B71 /* Build configuration list for PBXProject "CoreDataProject" */;
			compatibilityVersion = "Xcode 13.0";
			developmentRegion = en;
			hasScannedForEncodings = 0;
			knownRegions = (
				en,
				Base,
			);
			mainGroup = 9656B13028B7114800482B71;
			productRefGroup = 9656B13A28B7114800482B71 /* Products */;
			projectDirPath = "";
			projectRoot = "";
			targets = (
				9656B13828B7114800482B71 /* CoreDataProject */,
			);
		};
/* End PBXProject section */

/* Begin PBXResourcesBuildPhase section */
		9656B13728B7114800482B71 /* Resources */ = {
			isa = PBXResourcesBuildPhase;
			buildActionMask = 2147483647;
			files = (
				9656B14428B7114900482B71 /* Preview Assets.xcassets in Resources */,
				9656B14128B7114900482B71 /* Assets.xcassets in Resources */,
			);
			runOnlyForDeploymentPostprocessing = 0;
		};
/* End PBXResourcesBuildPhase section */

/* Begin PBXSourcesBuildPhase section */
		9656B13528B7114800482B71 /* Sources */ = {
			isa = PBXSourcesBuildPhase;
			buildActionMask = 2147483647;
			files = (
				9656B13F28B7114800482B71 /* ContentView.swift in Sources */,
				96798A0D28B9E6CA00303B6C /* Candy+CoreDataClass.swift in Sources */,
				96798A1028B9E6CA00303B6C /* Country+CoreDataProperties.swift in Sources */,
				96798A0F28B9E6CA00303B6C /* Country+CoreDataClass.swift in Sources */,
				96798A0E28B9E6CA00303B6C /* Candy+CoreDataProperties.swift in Sources */,
				9656B14E28B7118100482B71 /* DataController.swift in Sources */,
				96798A0428B9C38100303B6C /* FilteredList.swift in Sources */,
				9656B13D28B7114800482B71 /* CoreDataProjectApp.swift in Sources */,
				96798A0828B9C4DD00303B6C /* Singer+CoreDataProperties.swift in Sources */,
				9656B15128B71C2300482B71 /* Movie+CoreDataClass.swift in Sources */,
				9656B15228B71C2300482B71 /* Movie+CoreDataProperties.swift in Sources */,
				96798A0728B9C4DD00303B6C /* Singer+CoreDataClass.swift in Sources */,
				9656B14C28B7116900482B71 /* CoreDataProject.xcdatamodeld in Sources */,
			);
			runOnlyForDeploymentPostprocessing = 0;
		};
/* End PBXSourcesBuildPhase section */

/* Begin XCBuildConfiguration section */
		9656B14528B7114900482B71 /* Debug */ = {
			isa = XCBuildConfiguration;
			buildSettings = {
				ALWAYS_SEARCH_USER_PATHS = NO;
				CLANG_ANALYZER_NONNULL = YES;
				CLANG_ANALYZER_NUMBER_OBJECT_CONVERSION = YES_AGGRESSIVE;
				CLANG_CXX_LANGUAGE_STANDARD = "gnu++17";
				CLANG_ENABLE_MODULES = YES;
				CLANG_ENABLE_OBJC_ARC = YES;
				CLANG_ENABLE_OBJC_WEAK = YES;
				CLANG_WARN_BLOCK_CAPTURE_AUTORELEASING = YES;
				CLANG_WARN_BOOL_CONVERSION = YES;
				CLANG_WARN_COMMA = YES;
				CLANG_WARN_CONSTANT_CONVERSION = YES;
				CLANG_WARN_DEPRECATED_OBJC_IMPLEMENTATIONS = YES;
				CLANG_WARN_DIRECT_OBJC_ISA_USAGE = YES_ERROR;
				CLANG_WARN_DOCUMENTATION_COMMENTS = YES;
				CLANG_WARN_EMPTY_BODY = YES;
				CLANG_WARN_ENUM_CONVERSION = YES;
				CLANG_WARN_INFINITE_RECURSION = YES;
				CLANG_WARN_INT_CONVERSION = YES;
				CLANG_WARN_NON_LITERAL_NULL_CONVERSION = YES;
				CLANG_WARN_OBJC_IMPLICIT_RETAIN_SELF = YES;
				CLANG_WARN_OBJC_LITERAL_CONVERSION = YES;
				CLANG_WARN_OBJC_ROOT_CLASS = YES_ERROR;
				CLANG_WARN_QUOTED_INCLUDE_IN_FRAMEWORK_HEADER = YES;
				CLANG_WARN_RANGE_LOOP_ANALYSIS = YES;
				CLANG_WARN_STRICT_PROTOTYPES = YES;
				CLANG_WARN_SUSPICIOUS_MOVE = YES;
				CLANG_WARN_UNGUARDED_AVAILABILITY = YES_AGGRESSIVE;
				CLANG_WARN_UNREACHABLE_CODE = YES;
				CLANG_WARN__DUPLICATE_METHOD_MATCH = YES;
				COPY_PHASE_STRIP = NO;
				DEBUG_INFORMATION_FORMAT = dwarf;
				ENABLE_STRICT_OBJC_MSGSEND = YES;
				ENABLE_TESTABILITY = YES;
				GCC_C_LANGUAGE_STANDARD = gnu11;
				GCC_DYNAMIC_NO_PIC = NO;
				GCC_NO_COMMON_BLOCKS = YES;
				GCC_OPTIMIZATION_LEVEL = 0;
				GCC_PREPROCESSOR_DEFINITIONS = (
					"DEBUG=1",
					"$(inherited)",
				);
				GCC_WARN_64_TO_32_BIT_CONVERSION = YES;
				GCC_WARN_ABOUT_RETURN_TYPE = YES_ERROR;
				GCC_WARN_UNDECLARED_SELECTOR = YES;
				GCC_WARN_UNINITIALIZED_AUTOS = YES_AGGRESSIVE;
				GCC_WARN_UNUSED_FUNCTION = YES;
				GCC_WARN_UNUSED_VARIABLE = YES;
				IPHONEOS_DEPLOYMENT_TARGET = 15.5;
				MTL_ENABLE_DEBUG_INFO = INCLUDE_SOURCE;
				MTL_FAST_MATH = YES;
				ONLY_ACTIVE_ARCH = YES;
				SDKROOT = iphoneos;
				SWIFT_ACTIVE_COMPILATION_CONDITIONS = DEBUG;
				SWIFT_OPTIMIZATION_LEVEL = "-Onone";
				SWIFT_VERSION = "";
			};
			name = Debug;
		};
		9656B14628B7114900482B71 /* Release */ = {
			isa = XCBuildConfiguration;
			buildSettings = {
				ALWAYS_SEARCH_USER_PATHS = NO;
				CLANG_ANALYZER_NONNULL = YES;
				CLANG_ANALYZER_NUMBER_OBJECT_CONVERSION = YES_AGGRESSIVE;
				CLANG_CXX_LANGUAGE_STANDARD = "gnu++17";
				CLANG_ENABLE_MODULES = YES;
				CLANG_ENABLE_OBJC_ARC = YES;
				CLANG_ENABLE_OBJC_WEAK = YES;
				CLANG_WARN_BLOCK_CAPTURE_AUTORELEASING = YES;
				CLANG_WARN_BOOL_CONVERSION = YES;
				CLANG_WARN_COMMA = YES;
				CLANG_WARN_CONSTANT_CONVERSION = YES;
				CLANG_WARN_DEPRECATED_OBJC_IMPLEMENTATIONS = YES;
				CLANG_WARN_DIRECT_OBJC_ISA_USAGE = YES_ERROR;
				CLANG_WARN_DOCUMENTATION_COMMENTS = YES;
				CLANG_WARN_EMPTY_BODY = YES;
				CLANG_WARN_ENUM_CONVERSION = YES;
				CLANG_WARN_INFINITE_RECURSION = YES;
				CLANG_WARN_INT_CONVERSION = YES;
				CLANG_WARN_NON_LITERAL_NULL_CONVERSION = YES;
				CLANG_WARN_OBJC_IMPLICIT_RETAIN_SELF = YES;
				CLANG_WARN_OBJC_LITERAL_CONVERSION = YES;
				CLANG_WARN_OBJC_ROOT_CLASS = YES_ERROR;
				CLANG_WARN_QUOTED_INCLUDE_IN_FRAMEWORK_HEADER = YES;
				CLANG_WARN_RANGE_LOOP_ANALYSIS = YES;
				CLANG_WARN_STRICT_PROTOTYPES = YES;
				CLANG_WARN_SUSPICIOUS_MOVE = YES;
				CLANG_WARN_UNGUARDED_AVAILABILITY = YES_AGGRESSIVE;
				CLANG_WARN_UNREACHABLE_CODE = YES;
				CLANG_WARN__DUPLICATE_METHOD_MATCH = YES;
				COPY_PHASE_STRIP = NO;
				DEBUG_INFORMATION_FORMAT = "dwarf-with-dsym";
				ENABLE_NS_ASSERTIONS = NO;
				ENABLE_STRICT_OBJC_MSGSEND = YES;
				GCC_C_LANGUAGE_STANDARD = gnu11;
				GCC_NO_COMMON_BLOCKS = YES;
				GCC_WARN_64_TO_32_BIT_CONVERSION = YES;
				GCC_WARN_ABOUT_RETURN_TYPE = YES_ERROR;
				GCC_WARN_UNDECLARED_SELECTOR = YES;
				GCC_WARN_UNINITIALIZED_AUTOS = YES_AGGRESSIVE;
				GCC_WARN_UNUSED_FUNCTION = YES;
				GCC_WARN_UNUSED_VARIABLE = YES;
				IPHONEOS_DEPLOYMENT_TARGET = 15.5;
				MTL_ENABLE_DEBUG_INFO = NO;
				MTL_FAST_MATH = YES;
				SDKROOT = iphoneos;
				SWIFT_COMPILATION_MODE = wholemodule;
				SWIFT_OPTIMIZATION_LEVEL = "-O";
				SWIFT_VERSION = "";
				VALIDATE_PRODUCT = YES;
			};
			name = Release;
		};
		9656B14828B7114900482B71 /* Debug */ = {
			isa = XCBuildConfiguration;
			buildSettings = {
				ASSETCATALOG_COMPILER_APPICON_NAME = AppIcon;
				ASSETCATALOG_COMPILER_GLOBAL_ACCENT_COLOR_NAME = AccentColor;
				CODE_SIGN_STYLE = Automatic;
				CURRENT_PROJECT_VERSION = 1;
				DEVELOPMENT_ASSET_PATHS = "\"CoreDataProject/Preview Content\"";
				ENABLE_PREVIEWS = YES;
				GENERATE_INFOPLIST_FILE = YES;
				INFOPLIST_KEY_UIApplicationSceneManifest_Generation = YES;
				INFOPLIST_KEY_UIApplicationSupportsIndirectInputEvents = YES;
				INFOPLIST_KEY_UILaunchScreen_Generation = YES;
				INFOPLIST_KEY_UISupportedInterfaceOrientations_iPad = "UIInterfaceOrientationPortrait UIInterfaceOrientationPortraitUpsideDown UIInterfaceOrientationLandscapeLeft UIInterfaceOrientationLandscapeRight";
				INFOPLIST_KEY_UISupportedInterfaceOrientations_iPhone = "UIInterfaceOrientationPortrait UIInterfaceOrientationLandscapeLeft UIInterfaceOrientationLandscapeRight";
				LD_RUNPATH_SEARCH_PATHS = (
					"$(inherited)",
					"@executable_path/Frameworks",
				);
				MARKETING_VERSION = 1.0;
				PRODUCT_BUNDLE_IDENTIFIER = com.sagar.swiftExamples.CoreDataProject;
				PRODUCT_NAME = "$(TARGET_NAME)";
				SWIFT_EMIT_LOC_STRINGS = YES;
				SWIFT_VERSION = 5.0;
				TARGETED_DEVICE_FAMILY = "1,2";
			};
			name = Debug;
		};
		9656B14928B7114900482B71 /* Release */ = {
			isa = XCBuildConfiguration;
			buildSettings = {
				ASSETCATALOG_COMPILER_APPICON_NAME = AppIcon;
				ASSETCATALOG_COMPILER_GLOBAL_ACCENT_COLOR_NAME = AccentColor;
				CODE_SIGN_STYLE = Automatic;
				CURRENT_PROJECT_VERSION = 1;
				DEVELOPMENT_ASSET_PATHS = "\"CoreDataProject/Preview Content\"";
				ENABLE_PREVIEWS = YES;
				GENERATE_INFOPLIST_FILE = YES;
				INFOPLIST_KEY_UIApplicationSceneManifest_Generation = YES;
				INFOPLIST_KEY_UIApplicationSupportsIndirectInputEvents = YES;
				INFOPLIST_KEY_UILaunchScreen_Generation = YES;
				INFOPLIST_KEY_UISupportedInterfaceOrientations_iPad = "UIInterfaceOrientationPortrait UIInterfaceOrientationPortraitUpsideDown UIInterfaceOrientationLandscapeLeft UIInterfaceOrientationLandscapeRight";
				INFOPLIST_KEY_UISupportedInterfaceOrientations_iPhone = "UIInterfaceOrientationPortrait UIInterfaceOrientationLandscapeLeft UIInterfaceOrientationLandscapeRight";
				LD_RUNPATH_SEARCH_PATHS = (
					"$(inherited)",
					"@executable_path/Frameworks",
				);
				MARKETING_VERSION = 1.0;
				PRODUCT_BUNDLE_IDENTIFIER = com.sagar.swiftExamples.CoreDataProject;
				PRODUCT_NAME = "$(TARGET_NAME)";
				SWIFT_EMIT_LOC_STRINGS = YES;
				SWIFT_VERSION = 5.0;
				TARGETED_DEVICE_FAMILY = "1,2";
			};
			name = Release;
		};
/* End XCBuildConfiguration section */

/* Begin XCConfigurationList section */
		9656B13428B7114800482B71 /* Build configuration list for PBXProject "CoreDataProject" */ = {
			isa = XCConfigurationList;
			buildConfigurations = (
				9656B14528B7114900482B71 /* Debug */,
				9656B14628B7114900482B71 /* Release */,
			);
			defaultConfigurationIsVisible = 0;
			defaultConfigurationName = Release;
		};
		9656B14728B7114900482B71 /* Build configuration list for PBXNativeTarget "CoreDataProject" */ = {
			isa = XCConfigurationList;
			buildConfigurations = (
				9656B14828B7114900482B71 /* Debug */,
				9656B14928B7114900482B71 /* Release */,
			);
			defaultConfigurationIsVisible = 0;
			defaultConfigurationName = Release;
		};
/* End XCConfigurationList section */

/* Begin XCVersionGroup section */
		9656B14A28B7116900482B71 /* CoreDataProject.xcdatamodeld */ = {
			isa = XCVersionGroup;
			children = (
				9656B14B28B7116900482B71 /* CoreDataProject.xcdatamodel */,
			);
			currentVersion = 9656B14B28B7116900482B71 /* CoreDataProject.xcdatamodel */;
			path = CoreDataProject.xcdatamodeld;
			sourceTree = "<group>";
			versionGroupType = wrapper.xcdatamodel;
		};
/* End XCVersionGroup section */
	};
	rootObject = 9656B13128B7114800482B71 /* Project object */;
}
